
Microsoft Visual Studio Solution File, Format Version 12.00
# Visual Studio Version 17
VisualStudioVersion = 17.14.36127.28 d17.14
MinimumVisualStudioVersion = 10.0.40219.1
Project("{FAE04EC0-301F-11D3-BF4B-00C04F79EFBC}") = "ConsoleApp1", "ConsoleApp1\ConsoleApp1.csproj", "{1D9DF468-9D33-44AA-99A9-CBF16CBD2374}"
EndProject
Global
	GlobalSection(SolutionConfigurationPlatforms) = preSolution
		Debug|Any CPU = Debug|Any CPU
		Release|Any CPU = Release|Any CPU
	EndGlobalSection
	GlobalSection(ProjectConfigurationPlatforms) = postSolution
		{1D9DF468-9D33-44AA-99A9-CBF16CBD2374}.Debug|Any CPU.ActiveCfg = Debug|Any CPU
		{1D9DF468-9D33-44AA-99A9-CBF16CBD2374}.Debug|Any CPU.Build.0 = Debug|Any CPU
		{1D9DF468-9D33-44AA-99A9-CBF16CBD2374}.Release|Any CPU.ActiveCfg = Release|Any CPU
		{1D9DF468-9D33-44AA-99A9-CBF16CBD2374}.Release|Any CPU.Build.0 = Release|Any CPU
	EndGlobalSection
	GlobalSection(SolutionProperties) = preSolution
		HideSolutionNode = FALSE
	EndGlobalSection
	GlobalSection(ExtensibilityGlobals) = postSolution
		SolutionGuid = {222A536F-D8AA-4569-AE5B-E1E0DBB50C93}
	EndGlobalSection
EndGlobal
